
Microsoft Visual Studio Solution File, Format Version 12.00
# Visual Studio Version 16
VisualStudioVersion = 16.0.30907.101
MinimumVisualStudioVersion = 10.0.40219.1
Project("{FAE04EC0-301F-11D3-BF4B-00C04F79EFBC}") = "hw6_WorkersInfo", "hw6_WorkersInfo\hw6_WorkersInfo.csproj", "{049C03DD-3811-43B5-84B0-9F3084E5840C}"
EndProject
Global
	GlobalSection(SolutionConfigurationPlatforms) = preSolution
		Debug|Any CPU = Debug|Any CPU
		Release|Any CPU = Release|Any CPU
	EndGlobalSection
	GlobalSection(ProjectConfigurationPlatforms) = postSolution
		{049C03DD-3811-43B5-84B0-9F3084E5840C}.Debug|Any CPU.ActiveCfg = Debug|Any CPU
		{049C03DD-3811-43B5-84B0-9F3084E5840C}.Debug|Any CPU.Build.0 = Debug|Any CPU
		{049C03DD-3811-43B5-84B0-9F3084E5840C}.Release|Any CPU.ActiveCfg = Release|Any CPU
		{049C03DD-3811-43B5-84B0-9F3084E5840C}.Release|Any CPU.Build.0 = Release|Any CPU
	EndGlobalSection
	GlobalSection(SolutionProperties) = preSolution
		HideSolutionNode = FALSE
	EndGlobalSection
	GlobalSection(ExtensibilityGlobals) = postSolution
		SolutionGuid = {93A5DC8D-DA6D-4BDF-92B6-BBCB69D08FB0}
	EndGlobalSection
EndGlobal
